# THIS IS AN AUTOGENERATED FILE. DO NOT EDIT THIS FILE DIRECTLY.
# yarn lockfile v1


"@heroicons/react@^2.2.0":
  version "2.2.0"
  resolved "https://registry.yarnpkg.com/@heroicons/react/-/react-2.2.0.tgz#0c05124af50434a800773abec8d3af6a297d904b"
  integrity sha512-LMcepvRaS9LYHJGsF0zzmgKCUim/X3N/DQKc4jepAXJ7l8QxJ1PmxJzqplF2Z3FE4PqBAIGyJAQ/w4B5dsqbtQ==
